
Microsoft Visual Studio Solution File, Format Version 12.00
# Visual Studio Version 17
VisualStudioVersion = 17.11.35327.3
MinimumVisualStudioVersion = 10.0.40219.1
Project("{FAE04EC0-301F-11D3-BF4B-00C04F79EFBC}") = "PropertiesDemo", "PropertiesDemo\PropertiesDemo.csproj", "{B52F6C81-DB06-44A4-8879-B118250E790F}"
EndProject
Global
	GlobalSection(SolutionConfigurationPlatforms) = preSolution
		Debug|Any CPU = Debug|Any CPU
		Release|Any CPU = Release|Any CPU
	EndGlobalSection
	GlobalSection(ProjectConfigurationPlatforms) = postSolution
		{B52F6C81-DB06-44A4-8879-B118250E790F}.Debug|Any CPU.ActiveCfg = Debug|Any CPU
		{B52F6C81-DB06-44A4-8879-B118250E790F}.Debug|Any CPU.Build.0 = Debug|Any CPU
		{B52F6C81-DB06-44A4-8879-B118250E790F}.Release|Any CPU.ActiveCfg = Release|Any CPU
		{B52F6C81-DB06-44A4-8879-B118250E790F}.Release|Any CPU.Build.0 = Release|Any CPU
	EndGlobalSection
	GlobalSection(SolutionProperties) = preSolution
		HideSolutionNode = FALSE
	EndGlobalSection
	GlobalSection(ExtensibilityGlobals) = postSolution
		SolutionGuid = {231F897F-1639-4DAD-8D28-7A28B843DABB}
	EndGlobalSection
EndGlobal
